// !$*UTF8*$!
{
	archiveVersion = 1;
	classes = {
	};
	objectVersion = 46;
	objects = {

/* Begin PBXBuildFile section */
		841EEE281EF763BA00DBB989 /* AppDelegate.swift in Sources */ = {isa = PBXBuildFile; fileRef = 841EEE271EF763BA00DBB989 /* AppDelegate.swift */; };
		841EEE2A1EF763BA00DBB989 /* ViewController.swift in Sources */ = {isa = PBXBuildFile; fileRef = 841EEE291EF763BA00DBB989 /* ViewController.swift */; };
		841EEE2D1EF763BA00DBB989 /* Main.storyboard in Resources */ = {isa = PBXBuildFile; fileRef = 841EEE2B1EF763BA00DBB989 /* Main.storyboard */; };
		841EEE2F1EF763BA00DBB989 /* Assets.xcassets in Resources */ = {isa = PBXBuildFile; fileRef = 841EEE2E1EF763BA00DBB989 /* Assets.xcassets */; };
		841EEE321EF763BA00DBB989 /* LaunchScreen.storyboard in Resources */ = {isa = PBXBuildFile; fileRef = 841EEE301EF763BA00DBB989 /* LaunchScreen.storyboard */; };
		841EEE3D1EF763BA00DBB989 /* arithmeticDemoTests.swift in Sources */ = {isa = PBXBuildFile; fileRef = 841EEE3C1EF763BA00DBB989 /* arithmeticDemoTests.swift */; };
		841EEE481EF763BA00DBB989 /* arithmeticDemoUITests.swift in Sources */ = {isa = PBXBuildFile; fileRef = 841EEE471EF763BA00DBB989 /* arithmeticDemoUITests.swift */; };
		8422FA451EF8F5E2005256C8 /* ReverseStr.swift in Sources */ = {isa = PBXBuildFile; fileRef = 8422FA441EF8F5E2005256C8 /* ReverseStr.swift */; };
		844A28621EFA58C500CEBC8C /* List.swift in Sources */ = {isa = PBXBuildFile; fileRef = 844A28611EFA58C500CEBC8C /* List.swift */; };
		846B99371F09DE7700C1AAA5 /* 树.jpg in Resources */ = {isa = PBXBuildFile; fileRef = 846B99361F09DE7700C1AAA5 /* 树.jpg */; };
		848B7BAB1F00CA8000A6E1BC /* StackAndQueue.swift in Sources */ = {isa = PBXBuildFile; fileRef = 848B7BAA1F00CA8000A6E1BC /* StackAndQueue.swift */; };
		8499EDB01F0F346B0074601D /* Sort.swift in Sources */ = {isa = PBXBuildFile; fileRef = 8499EDAF1F0F346B0074601D /* Sort.swift */; };
		8499EDB21F0F34CE0074601D /* sort.png in Resources */ = {isa = PBXBuildFile; fileRef = 8499EDB11F0F34CE0074601D /* sort.png */; };
		84D311751F064F5C00B9161F /* Tree.swift in Sources */ = {isa = PBXBuildFile; fileRef = 84D311741F064F5C00B9161F /* Tree.swift */; };
/* End PBXBuildFile section */

/* Begin PBXContainerItemProxy section */
		841EEE391EF763BA00DBB989 /* PBXContainerItemProxy */ = {
			isa = PBXContainerItemProxy;
			containerPortal = 841EEE1C1EF763BA00DBB989 /* Project object */;
			proxyType = 1;
			remoteGlobalIDString = 841EEE231EF763BA00DBB989;
			remoteInfo = arithmeticDemo;
		};
		841EEE441EF763BA00DBB989 /* PBXContainerItemProxy */ = {
			isa = PBXContainerItemProxy;
			containerPortal = 841EEE1C1EF763BA00DBB989 /* Project object */;
			proxyType = 1;
			remoteGlobalIDString = 841EEE231EF763BA00DBB989;
			remoteInfo = arithmeticDemo;
		};
/* End PBXContainerItemProxy section */

/* Begin PBXFileReference section */
		841EEE241EF763BA00DBB989 /* arithmeticDemo.app */ = {isa = PBXFileReference; explicitFileType = wrapper.application; includeInIndex = 0; path = arithmeticDemo.app; sourceTree = BUILT_PRODUCTS_DIR; };
		841EEE271EF763BA00DBB989 /* AppDelegate.swift */ = {isa = PBXFileReference; lastKnownFileType = sourcecode.swift; path = AppDelegate.swift; sourceTree = "<group>"; };
		841EEE291EF763BA00DBB989 /* ViewController.swift */ = {isa = PBXFileReference; lastKnownFileType = sourcecode.swift; path = ViewController.swift; sourceTree = "<group>"; };
		841EEE2C1EF763BA00DBB989 /* Base */ = {isa = PBXFileReference; lastKnownFileType = file.storyboard; name = Base; path = Base.lproj/Main.storyboard; sourceTree = "<group>"; };
		841EEE2E1EF763BA00DBB989 /* Assets.xcassets */ = {isa = PBXFileReference; lastKnownFileType = folder.assetcatalog; path = Assets.xcassets; sourceTree = "<group>"; };
		841EEE311EF763BA00DBB989 /* Base */ = {isa = PBXFileReference; lastKnownFileType = file.storyboard; name = Base; path = Base.lproj/LaunchScreen.storyboard; sourceTree = "<group>"; };
		841EEE331EF763BA00DBB989 /* Info.plist */ = {isa = PBXFileReference; lastKnownFileType = text.plist.xml; path = Info.plist; sourceTree = "<group>"; };
		841EEE381EF763BA00DBB989 /* arithmeticDemoTests.xctest */ = {isa = PBXFileReference; explicitFileType = wrapper.cfbundle; includeInIndex = 0; path = arithmeticDemoTests.xctest; sourceTree = BUILT_PRODUCTS_DIR; };
		841EEE3C1EF763BA00DBB989 /* arithmeticDemoTests.swift */ = {isa = PBXFileReference; lastKnownFileType = sourcecode.swift; path = arithmeticDemoTests.swift; sourceTree = "<group>"; };
		841EEE3E1EF763BA00DBB989 /* Info.plist */ = {isa = PBXFileReference; lastKnownFileType = text.plist.xml; path = Info.plist; sourceTree = "<group>"; };
		841EEE431EF763BA00DBB989 /* arithmeticDemoUITests.xctest */ = {isa = PBXFileReference; explicitFileType = wrapper.cfbundle; includeInIndex = 0; path = arithmeticDemoUITests.xctest; sourceTree = BUILT_PRODUCTS_DIR; };
		841EEE471EF763BA00DBB989 /* arithmeticDemoUITests.swift */ = {isa = PBXFileReference; lastKnownFileType = sourcecode.swift; path = arithmeticDemoUITests.swift; sourceTree = "<group>"; };
		841EEE491EF763BA00DBB989 /* Info.plist */ = {isa = PBXFileReference; lastKnownFileType = text.plist.xml; path = Info.plist; sourceTree = "<group>"; };
		8422FA441EF8F5E2005256C8 /* ReverseStr.swift */ = {isa = PBXFileReference; fileEncoding = 4; lastKnownFileType = sourcecode.swift; path = ReverseStr.swift; sourceTree = "<group>"; };
		844A28611EFA58C500CEBC8C /* List.swift */ = {isa = PBXFileReference; fileEncoding = 4; lastKnownFileType = sourcecode.swift; path = List.swift; sourceTree = "<group>"; };
		844A28631EFA5A8000CEBC8C /* arithmeticDemo-Bridging-Header.h */ = {isa = PBXFileReference; lastKnownFileType = sourcecode.c.h; path = "arithmeticDemo-Bridging-Header.h"; sourceTree = "<group>"; };
		846B99361F09DE7700C1AAA5 /* 树.jpg */ = {isa = PBXFileReference; lastKnownFileType = image.jpeg; path = "树.jpg"; sourceTree = "<group>"; };
		848B7BAA1F00CA8000A6E1BC /* StackAndQueue.swift */ = {isa = PBXFileReference; fileEncoding = 4; lastKnownFileType = sourcecode.swift; path = StackAndQueue.swift; sourceTree = "<group>"; };
		8499EDAF1F0F346B0074601D /* Sort.swift */ = {isa = PBXFileReference; fileEncoding = 4; lastKnownFileType = sourcecode.swift; path = Sort.swift; sourceTree = "<group>"; };
		8499EDB11F0F34CE0074601D /* sort.png */ = {isa = PBXFileReference; lastKnownFileType = image.png; path = sort.png; sourceTree = "<group>"; };
		84D311741F064F5C00B9161F /* Tree.swift */ = {isa = PBXFileReference; fileEncoding = 4; lastKnownFileType = sourcecode.swift; path = Tree.swift; sourceTree = "<group>"; };
/* End PBXFileReference section */

/* Begin PBXFrameworksBuildPhase section */
		841EEE211EF763BA00DBB989 /* Frameworks */ = {
			isa = PBXFrameworksBuildPhase;
			buildActionMask = 2147483647;
			files = (
			);
			runOnlyForDeploymentPostprocessing = 0;
		};
		841EEE351EF763BA00DBB989 /* Frameworks */ = {
			isa = PBXFrameworksBuildPhase;
			buildActionMask = 2147483647;
			files = (
			);
			runOnlyForDeploymentPostprocessing = 0;
		};
		841EEE401EF763BA00DBB989 /* Frameworks */ = {
			isa = PBXFrameworksBuildPhase;
			buildActionMask = 2147483647;
			files = (
			);
			runOnlyForDeploymentPostprocessing = 0;
		};
/* End PBXFrameworksBuildPhase section */

/* Begin PBXGroup section */
		841EEE1B1EF763BA00DBB989 = {
			isa = PBXGroup;
			children = (
				841EEE261EF763BA00DBB989 /* arithmeticDemo */,
				841EEE3B1EF763BA00DBB989 /* arithmeticDemoTests */,
				841EEE461EF763BA00DBB989 /* arithmeticDemoUITests */,
				841EEE251EF763BA00DBB989 /* Products */,
			);
			sourceTree = "<group>";
		};
		841EEE251EF763BA00DBB989 /* Products */ = {
			isa = PBXGroup;
			children = (
				841EEE241EF763BA00DBB989 /* arithmeticDemo.app */,
				841EEE381EF763BA00DBB989 /* arithmeticDemoTests.xctest */,
				841EEE431EF763BA00DBB989 /* arithmeticDemoUITests.xctest */,
			);
			name = Products;
			sourceTree = "<group>";
		};
		841EEE261EF763BA00DBB989 /* arithmeticDemo */ = {
			isa = PBXGroup;
			children = (
				841EEE271EF763BA00DBB989 /* AppDelegate.swift */,
				841EEE291EF763BA00DBB989 /* ViewController.swift */,
				8422FA441EF8F5E2005256C8 /* ReverseStr.swift */,
				844A28611EFA58C500CEBC8C /* List.swift */,
				848B7BAA1F00CA8000A6E1BC /* StackAndQueue.swift */,
				84D311741F064F5C00B9161F /* Tree.swift */,
				8499EDAF1F0F346B0074601D /* Sort.swift */,
				8499EDB11F0F34CE0074601D /* sort.png */,
				846B99361F09DE7700C1AAA5 /* 树.jpg */,
				841EEE2B1EF763BA00DBB989 /* Main.storyboard */,
				841EEE2E1EF763BA00DBB989 /* Assets.xcassets */,
				841EEE301EF763BA00DBB989 /* LaunchScreen.storyboard */,
				841EEE331EF763BA00DBB989 /* Info.plist */,
				844A28631EFA5A8000CEBC8C /* arithmeticDemo-Bridging-Header.h */,
			);
			path = arithmeticDemo;
			sourceTree = "<group>";
		};
		841EEE3B1EF763BA00DBB989 /* arithmeticDemoTests */ = {
			isa = PBXGroup;
			children = (
				841EEE3C1EF763BA00DBB989 /* arithmeticDemoTests.swift */,
				841EEE3E1EF763BA00DBB989 /* Info.plist */,
			);
			path = arithmeticDemoTests;
			sourceTree = "<group>";
		};
		841EEE461EF763BA00DBB989 /* arithmeticDemoUITests */ = {
			isa = PBXGroup;
			children = (
				841EEE471EF763BA00DBB989 /* arithmeticDemoUITests.swift */,
				841EEE491EF763BA00DBB989 /* Info.plist */,
			);
			path = arithmeticDemoUITests;
			sourceTree = "<group>";
		};
/* End PBXGroup section */

/* Begin PBXNativeTarget section */
		841EEE231EF763BA00DBB989 /* arithmeticDemo */ = {
			isa = PBXNativeTarget;
			buildConfigurationList = 841EEE4C1EF763BA00DBB989 /* Build configuration list for PBXNativeTarget "arithmeticDemo" */;
			buildPhases = (
				841EEE201EF763BA00DBB989 /* Sources */,
				841EEE211EF763BA00DBB989 /* Frameworks */,
				841EEE221EF763BA00DBB989 /* Resources */,
			);
			buildRules = (
			);
			dependencies = (
			);
			name = arithmeticDemo;
			productName = arithmeticDemo;
			productReference = 841EEE241EF763BA00DBB989 /* arithmeticDemo.app */;
			productType = "com.apple.product-type.application";
		};
		841EEE371EF763BA00DBB989 /* arithmeticDemoTests */ = {
			isa = PBXNativeTarget;
			buildConfigurationList = 841EEE4F1EF763BA00DBB989 /* Build configuration list for PBXNativeTarget "arithmeticDemoTests" */;
			buildPhases = (
				841EEE341EF763BA00DBB989 /* Sources */,
				841EEE351EF763BA00DBB989 /* Frameworks */,
				841EEE361EF763BA00DBB989 /* Resources */,
			);
			buildRules = (
			);
			dependencies = (
				841EEE3A1EF763BA00DBB989 /* PBXTargetDependency */,
			);
			name = arithmeticDemoTests;
			productName = arithmeticDemoTests;
			productReference = 841EEE381EF763BA00DBB989 /* arithmeticDemoTests.xctest */;
			productType = "com.apple.product-type.bundle.unit-test";
		};
		841EEE421EF763BA00DBB989 /* arithmeticDemoUITests */ = {
			isa = PBXNativeTarget;
			buildConfigurationList = 841EEE521EF763BA00DBB989 /* Build configuration list for PBXNativeTarget "arithmeticDemoUITests" */;
			buildPhases = (
				841EEE3F1EF763BA00DBB989 /* Sources */,
				841EEE401EF763BA00DBB989 /* Frameworks */,
				841EEE411EF763BA00DBB989 /* Resources */,
			);
			buildRules = (
			);
			dependencies = (
				841EEE451EF763BA00DBB989 /* PBXTargetDependency */,
			);
			name = arithmeticDemoUITests;
			productName = arithmeticDemoUITests;
			productReference = 841EEE431EF763BA00DBB989 /* arithmeticDemoUITests.xctest */;
			productType = "com.apple.product-type.bundle.ui-testing";
		};
/* End PBXNativeTarget section */

/* Begin PBXProject section */
		841EEE1C1EF763BA00DBB989 /* Project object */ = {
			isa = PBXProject;
			attributes = {
				LastSwiftUpdateCheck = 0800;
				LastUpgradeCheck = 0800;
				ORGANIZATIONNAME = gcg;
				TargetAttributes = {
					841EEE231EF763BA00DBB989 = {
						CreatedOnToolsVersion = 8.0;
						DevelopmentTeam = 8NDM2JAGC4;
						LastSwiftMigration = 0800;
						ProvisioningStyle = Automatic;
					};
					841EEE371EF763BA00DBB989 = {
						CreatedOnToolsVersion = 8.0;
						ProvisioningStyle = Automatic;
						TestTargetID = 841EEE231EF763BA00DBB989;
					};
					841EEE421EF763BA00DBB989 = {
						CreatedOnToolsVersion = 8.0;
						ProvisioningStyle = Automatic;
						TestTargetID = 841EEE231EF763BA00DBB989;
					};
				};
			};
			buildConfigurationList = 841EEE1F1EF763BA00DBB989 /* Build configuration list for PBXProject "arithmeticDemo" */;
			compatibilityVersion = "Xcode 3.2";
			developmentRegion = English;
			hasScannedForEncodings = 0;
			knownRegions = (
				en,
				Base,
			);
			mainGroup = 841EEE1B1EF763BA00DBB989;
			productRefGroup = 841EEE251EF763BA00DBB989 /* Products */;
			projectDirPath = "";
			projectRoot = "";
			targets = (
				841EEE231EF763BA00DBB989 /* arithmeticDemo */,
				841EEE371EF763BA00DBB989 /* arithmeticDemoTests */,
				841EEE421EF763BA00DBB989 /* arithmeticDemoUITests */,
			);
		};
/* End PBXProject section */

/* Begin PBXResourcesBuildPhase section */
		841EEE221EF763BA00DBB989 /* Resources */ = {
			isa = PBXResourcesBuildPhase;
			buildActionMask = 2147483647;
			files = (
				841EEE321EF763BA00DBB989 /* LaunchScreen.storyboard in Resources */,
				8499EDB21F0F34CE0074601D /* sort.png in Resources */,
				846B99371F09DE7700C1AAA5 /* 树.jpg in Resources */,
				841EEE2F1EF763BA00DBB989 /* Assets.xcassets in Resources */,
				841EEE2D1EF763BA00DBB989 /* Main.storyboard in Resources */,
			);
			runOnlyForDeploymentPostprocessing = 0;
		};
		841EEE361EF763BA00DBB989 /* Resources */ = {
			isa = PBXResourcesBuildPhase;
			buildActionMask = 2147483647;
			files = (
			);
			runOnlyForDeploymentPostprocessing = 0;
		};
		841EEE411EF763BA00DBB989 /* Resources */ = {
			isa = PBXResourcesBuildPhase;
			buildActionMask = 2147483647;
			files = (
			);
			runOnlyForDeploymentPostprocessing = 0;
		};
/* End PBXResourcesBuildPhase section */

/* Begin PBXSourcesBuildPhase section */
		841EEE201EF763BA00DBB989 /* Sources */ = {
			isa = PBXSourcesBuildPhase;
			buildActionMask = 2147483647;
			files = (
				841EEE2A1EF763BA00DBB989 /* ViewController.swift in Sources */,
				844A28621EFA58C500CEBC8C /* List.swift in Sources */,
				8422FA451EF8F5E2005256C8 /* ReverseStr.swift in Sources */,
				84D311751F064F5C00B9161F /* Tree.swift in Sources */,
				8499EDB01F0F346B0074601D /* Sort.swift in Sources */,
				841EEE281EF763BA00DBB989 /* AppDelegate.swift in Sources */,
				848B7BAB1F00CA8000A6E1BC /* StackAndQueue.swift in Sources */,
			);
			runOnlyForDeploymentPostprocessing = 0;
		};
		841EEE341EF763BA00DBB989 /* Sources */ = {
			isa = PBXSourcesBuildPhase;
			buildActionMask = 2147483647;
			files = (
				841EEE3D1EF763BA00DBB989 /* arithmeticDemoTests.swift in Sources */,
			);
			runOnlyForDeploymentPostprocessing = 0;
		};
		841EEE3F1EF763BA00DBB989 /* Sources */ = {
			isa = PBXSourcesBuildPhase;
			buildActionMask = 2147483647;
			files = (
				841EEE481EF763BA00DBB989 /* arithmeticDemoUITests.swift in Sources */,
			);
			runOnlyForDeploymentPostprocessing = 0;
		};
/* End PBXSourcesBuildPhase section */

/* Begin PBXTargetDependency section */
		841EEE3A1EF763BA00DBB989 /* PBXTargetDependency */ = {
			isa = PBXTargetDependency;
			target = 841EEE231EF763BA00DBB989 /* arithmeticDemo */;
			targetProxy = 841EEE391EF763BA00DBB989 /* PBXContainerItemProxy */;
		};
		841EEE451EF763BA00DBB989 /* PBXTargetDependency */ = {
			isa = PBXTargetDependency;
			target = 841EEE231EF763BA00DBB989 /* arithmeticDemo */;
			targetProxy = 841EEE441EF763BA00DBB989 /* PBXContainerItemProxy */;
		};
/* End PBXTargetDependency section */

/* Begin PBXVariantGroup section */
		841EEE2B1EF763BA00DBB989 /* Main.storyboard */ = {
			isa = PBXVariantGroup;
			children = (
				841EEE2C1EF763BA00DBB989 /* Base */,
			);
			name = Main.storyboard;
			sourceTree = "<group>";
		};
		841EEE301EF763BA00DBB989 /* LaunchScreen.storyboard */ = {
			isa = PBXVariantGroup;
			children = (
				841EEE311EF763BA00DBB989 /* Base */,
			);
			name = LaunchScreen.storyboard;
			sourceTree = "<group>";
		};
/* End PBXVariantGroup section */

/* Begin XCBuildConfiguration section */
		841EEE4A1EF763BA00DBB989 /* Debug */ = {
			isa = XCBuildConfiguration;
			buildSettings = {
				ALWAYS_SEARCH_USER_PATHS = NO;
				CLANG_ANALYZER_NONNULL = YES;
				CLANG_CXX_LANGUAGE_STANDARD = "gnu++0x";
				CLANG_CXX_LIBRARY = "libc++";
				CLANG_ENABLE_MODULES = YES;
				CLANG_ENABLE_OBJC_ARC = YES;
				CLANG_WARN_BOOL_CONVERSION = YES;
				CLANG_WARN_CONSTANT_CONVERSION = YES;
				CLANG_WARN_DIRECT_OBJC_ISA_USAGE = YES_ERROR;
				CLANG_WARN_DOCUMENTATION_COMMENTS = YES;
				CLANG_WARN_EMPTY_BODY = YES;
				CLANG_WARN_ENUM_CONVERSION = YES;
				CLANG_WARN_INFINITE_RECURSION = YES;
				CLANG_WARN_INT_CONVERSION = YES;
				CLANG_WARN_OBJC_ROOT_CLASS = YES_ERROR;
				CLANG_WARN_SUSPICIOUS_MOVES = YES;
				CLANG_WARN_UNREACHABLE_CODE = YES;
				CLANG_WARN__DUPLICATE_METHOD_MATCH = YES;
				"CODE_SIGN_IDENTITY[sdk=iphoneos*]" = "iPhone Developer";
				COPY_PHASE_STRIP = NO;
				DEBUG_INFORMATION_FORMAT = dwarf;
				ENABLE_STRICT_OBJC_MSGSEND = YES;
				ENABLE_TESTABILITY = YES;
				GCC_C_LANGUAGE_STANDARD = gnu99;
				GCC_DYNAMIC_NO_PIC = NO;
				GCC_NO_COMMON_BLOCKS = YES;
				GCC_OPTIMIZATION_LEVEL = 0;
				GCC_PREPROCESSOR_DEFINITIONS = (
					"DEBUG=1",
					"$(inherited)",
				);
				GCC_WARN_64_TO_32_BIT_CONVERSION = YES;
				GCC_WARN_ABOUT_RETURN_TYPE = YES_ERROR;
				GCC_WARN_UNDECLARED_SELECTOR = YES;
				GCC_WARN_UNINITIALIZED_AUTOS = YES_AGGRESSIVE;
				GCC_WARN_UNUSED_FUNCTION = YES;
				GCC_WARN_UNUSED_VARIABLE = YES;
				IPHONEOS_DEPLOYMENT_TARGET = 10.0;
				MTL_ENABLE_DEBUG_INFO = YES;
				ONLY_ACTIVE_ARCH = YES;
				SDKROOT = iphoneos;
				SWIFT_ACTIVE_COMPILATION_CONDITIONS = DEBUG;
				SWIFT_OPTIMIZATION_LEVEL = "-Onone";
			};
			name = Debug;
		};
		841EEE4B1EF763BA00DBB989 /* Release */ = {
			isa = XCBuildConfiguration;
			buildSettings = {
				ALWAYS_SEARCH_USER_PATHS = NO;
				CLANG_ANALYZER_NONNULL = YES;
				CLANG_CXX_LANGUAGE_STANDARD = "gnu++0x";
				CLANG_CXX_LIBRARY = "libc++";
				CLANG_ENABLE_MODULES = YES;
				CLANG_ENABLE_OBJC_ARC = YES;
				CLANG_WARN_BOOL_CONVERSION = YES;
				CLANG_WARN_CONSTANT_CONVERSION = YES;
				CLANG_WARN_DIRECT_OBJC_ISA_USAGE = YES_ERROR;
				CLANG_WARN_DOCUMENTATION_COMMENTS = YES;
				CLANG_WARN_EMPTY_BODY = YES;
				CLANG_WARN_ENUM_CONVERSION = YES;
				CLANG_WARN_INFINITE_RECURSION = YES;
				CLANG_WARN_INT_CONVERSION = YES;
				CLANG_WARN_OBJC_ROOT_CLASS = YES_ERROR;
				CLANG_WARN_SUSPICIOUS_MOVES = YES;
				CLANG_WARN_UNREACHABLE_CODE = YES;
				CLANG_WARN__DUPLICATE_METHOD_MATCH = YES;
				"CODE_SIGN_IDENTITY[sdk=iphoneos*]" = "iPhone Developer";
				COPY_PHASE_STRIP = NO;
				DEBUG_INFORMATION_FORMAT = "dwarf-with-dsym";
				ENABLE_NS_ASSERTIONS = NO;
				ENABLE_STRICT_OBJC_MSGSEND = YES;
				GCC_C_LANGUAGE_STANDARD = gnu99;
				GCC_NO_COMMON_BLOCKS = YES;
				GCC_WARN_64_TO_32_BIT_CONVERSION = YES;
				GCC_WARN_ABOUT_RETURN_TYPE = YES_ERROR;
				GCC_WARN_UNDECLARED_SELECTOR = YES;
				GCC_WARN_UNINITIALIZED_AUTOS = YES_AGGRESSIVE;
				GCC_WARN_UNUSED_FUNCTION = YES;
				GCC_WARN_UNUSED_VARIABLE = YES;
				IPHONEOS_DEPLOYMENT_TARGET = 10.0;
				MTL_ENABLE_DEBUG_INFO = NO;
				SDKROOT = iphoneos;
				SWIFT_OPTIMIZATION_LEVEL = "-Owholemodule";
				VALIDATE_PRODUCT = YES;
			};
			name = Release;
		};
		841EEE4D1EF763BA00DBB989 /* Debug */ = {
			isa = XCBuildConfiguration;
			buildSettings = {
				ASSETCATALOG_COMPILER_APPICON_NAME = AppIcon;
				CLANG_ENABLE_MODULES = YES;
				DEVELOPMENT_TEAM = 8NDM2JAGC4;
				INFOPLIST_FILE = arithmeticDemo/Info.plist;
				LD_RUNPATH_SEARCH_PATHS = "$(inherited) @executable_path/Frameworks";
				PRODUCT_BUNDLE_IDENTIFIER = com.gcg.arithmeticDemo;
				PRODUCT_NAME = "$(TARGET_NAME)";
				SWIFT_OBJC_BRIDGING_HEADER = "arithmeticDemo/arithmeticDemo-Bridging-Header.h";
				SWIFT_OPTIMIZATION_LEVEL = "-Onone";
				SWIFT_VERSION = 3.0;
			};
			name = Debug;
		};
		841EEE4E1EF763BA00DBB989 /* Release */ = {
			isa = XCBuildConfiguration;
			buildSettings = {
				ASSETCATALOG_COMPILER_APPICON_NAME = AppIcon;
				CLANG_ENABLE_MODULES = YES;
				DEVELOPMENT_TEAM = 8NDM2JAGC4;
				INFOPLIST_FILE = arithmeticDemo/Info.plist;
				LD_RUNPATH_SEARCH_PATHS = "$(inherited) @executable_path/Frameworks";
				PRODUCT_BUNDLE_IDENTIFIER = com.gcg.arithmeticDemo;
				PRODUCT_NAME = "$(TARGET_NAME)";
				SWIFT_OBJC_BRIDGING_HEADER = "arithmeticDemo/arithmeticDemo-Bridging-Header.h";
				SWIFT_VERSION = 3.0;
			};
			name = Release;
		};
		841EEE501EF763BA00DBB989 /* Debug */ = {
			isa = XCBuildConfiguration;
			buildSettings = {
				ALWAYS_EMBED_SWIFT_STANDARD_LIBRARIES = YES;
				BUNDLE_LOADER = "$(TEST_HOST)";
				INFOPLIST_FILE = arithmeticDemoTests/Info.plist;
				LD_RUNPATH_SEARCH_PATHS = "$(inherited) @executable_path/Frameworks @loader_path/Frameworks";
				PRODUCT_BUNDLE_IDENTIFIER = com.gcg.arithmeticDemoTests;
				PRODUCT_NAME = "$(TARGET_NAME)";
				SWIFT_VERSION = 3.0;
				TEST_HOST = "$(BUILT_PRODUCTS_DIR)/arithmeticDemo.app/arithmeticDemo";
			};
			name = Debug;
		};
		841EEE511EF763BA00DBB989 /* Release */ = {
			isa = XCBuildConfiguration;
			buildSettings = {
				ALWAYS_EMBED_SWIFT_STANDARD_LIBRARIES = YES;
				BUNDLE_LOADER = "$(TEST_HOST)";
				INFOPLIST_FILE = arithmeticDemoTests/Info.plist;
				LD_RUNPATH_SEARCH_PATHS = "$(inherited) @executable_path/Frameworks @loader_path/Frameworks";
				PRODUCT_BUNDLE_IDENTIFIER = com.gcg.arithmeticDemoTests;
				PRODUCT_NAME = "$(TARGET_NAME)";
				SWIFT_VERSION = 3.0;
				TEST_HOST = "$(BUILT_PRODUCTS_DIR)/arithmeticDemo.app/arithmeticDemo";
			};
			name = Release;
		};
		841EEE531EF763BA00DBB989 /* Debug */ = {
			isa = XCBuildConfiguration;
			buildSettings = {
				ALWAYS_EMBED_SWIFT_STANDARD_LIBRARIES = YES;
				INFOPLIST_FILE = arithmeticDemoUITests/Info.plist;
				LD_RUNPATH_SEARCH_PATHS = "$(inherited) @executable_path/Frameworks @loader_path/Frameworks";
				PRODUCT_BUNDLE_IDENTIFIER = com.gcg.arithmeticDemoUITests;
				PRODUCT_NAME = "$(TARGET_NAME)";
				SWIFT_VERSION = 3.0;
				TEST_TARGET_NAME = arithmeticDemo;
			};
			name = Debug;
		};
		841EEE541EF763BA00DBB989 /* Release */ = {
			isa = XCBuildConfiguration;
			buildSettings = {
				ALWAYS_EMBED_SWIFT_STANDARD_LIBRARIES = YES;
				INFOPLIST_FILE = arithmeticDemoUITests/Info.plist;
				LD_RUNPATH_SEARCH_PATHS = "$(inherited) @executable_path/Frameworks @loader_path/Frameworks";
				PRODUCT_BUNDLE_IDENTIFIER = com.gcg.arithmeticDemoUITests;
				PRODUCT_NAME = "$(TARGET_NAME)";
				SWIFT_VERSION = 3.0;
				TEST_TARGET_NAME = arithmeticDemo;
			};
			name = Release;
		};
/* End XCBuildConfiguration section */

/* Begin XCConfigurationList section */
		841EEE1F1EF763BA00DBB989 /* Build configuration list for PBXProject "arithmeticDemo" */ = {
			isa = XCConfigurationList;
			buildConfigurations = (
				841EEE4A1EF763BA00DBB989 /* Debug */,
				841EEE4B1EF763BA00DBB989 /* Release */,
			);
			defaultConfigurationIsVisible = 0;
			defaultConfigurationName = Release;
		};
		841EEE4C1EF763BA00DBB989 /* Build configuration list for PBXNativeTarget "arithmeticDemo" */ = {
			isa = XCConfigurationList;
			buildConfigurations = (
				841EEE4D1EF763BA00DBB989 /* Debug */,
				841EEE4E1EF763BA00DBB989 /* Release */,
			);
			defaultConfigurationIsVisible = 0;
			defaultConfigurationName = Release;
		};
		841EEE4F1EF763BA00DBB989 /* Build configuration list for PBXNativeTarget "arithmeticDemoTests" */ = {
			isa = XCConfigurationList;
			buildConfigurations = (
				841EEE501EF763BA00DBB989 /* Debug */,
				841EEE511EF763BA00DBB989 /* Release */,
			);
			defaultConfigurationIsVisible = 0;
			defaultConfigurationName = Release;
		};
		841EEE521EF763BA00DBB989 /* Build configuration list for PBXNativeTarget "arithmeticDemoUITests" */ = {
			isa = XCConfigurationList;
			buildConfigurations = (
				841EEE531EF763BA00DBB989 /* Debug */,
				841EEE541EF763BA00DBB989 /* Release */,
			);
			defaultConfigurationIsVisible = 0;
			defaultConfigurationName = Release;
		};
/* End XCConfigurationList section */
	};
	rootObject = 841EEE1C1EF763BA00DBB989 /* Project object */;
}
